
Microsoft Visual Studio Solution File, Format Version 12.00
# Visual Studio 15
VisualStudioVersion = 15.0.27703.2035
MinimumVisualStudioVersion = 10.0.40219.1
Project("{2150E333-8FDC-42A3-9474-1A3956D46DE8}") = "Core", "Core", "{B6BAE8FD-028C-4854-B493-8C5EFB9C7B3C}"
EndProject
Project("{9A19103F-16F7-4668-BE54-9A1E7A4F7556}") = "ErniPrismSample", "ErniPrismSample\ErniPrismSample.csproj", "{86B398E0-0866-4527-B222-1C41B1F6C81C}"
EndProject
Project("{2150E333-8FDC-42A3-9474-1A3956D46DE8}") = "Test", "Test", "{3972706A-27C8-4A8D-A8F4-2A594489DE70}"
EndProject
Project("{FAE04EC0-301F-11D3-BF4B-00C04F79EFBC}") = "ErniPrismSample.UITest", "ErniPrismSample.UITest\ErniPrismSample.UITest.csproj", "{F584378A-251D-4A23-93B3-54865D0E459D}"
EndProject
Project("{FAE04EC0-301F-11D3-BF4B-00C04F79EFBC}") = "ErniPrismSample.UnitTest", "ErniPrismSample.UnitTest\ErniPrismSample.UnitTest.csproj", "{7C95E410-114A-4D59-8D85-376582EA1251}"
EndProject
Project("{2150E333-8FDC-42A3-9474-1A3956D46DE8}") = "Service", "Service", "{C08BAD5F-F3C2-4E83-976C-DC071F726DD3}"
EndProject
Project("{9A19103F-16F7-4668-BE54-9A1E7A4F7556}") = "ErniPrismSample.APIService", "ErniPrismSample.APIService\ErniPrismSample.APIService.csproj", "{9C2E6B64-F95E-4519-AEDF-31FB3C6827A5}"
EndProject
Project("{2150E333-8FDC-42A3-9474-1A3956D46DE8}") = "Business", "Business", "{85B0C54C-CD69-4E0B-86EB-674928E5F90E}"
EndProject
Project("{9A19103F-16F7-4668-BE54-9A1E7A4F7556}") = "ErniPrismSample.Managers", "ErniPrismSample.Managers\ErniPrismSample.Managers.csproj", "{455B6208-A9A6-46D3-A0E0-323EB13CB1B0}"
EndProject
Project("{2150E333-8FDC-42A3-9474-1A3956D46DE8}") = "Common", "Common", "{775A3120-C3C7-44ED-B437-76F4A185BB88}"
EndProject
Project("{9A19103F-16F7-4668-BE54-9A1E7A4F7556}") = "ErniPrismSample.Common", "ErniPrismSample.Common\ErniPrismSample.Common.csproj", "{00C9D1D7-67A8-40BD-8212-998AB724981D}"
EndProject
Project("{9A19103F-16F7-4668-BE54-9A1E7A4F7556}") = "ErniPrismSample.Entities", "ErniPrismSample.Entities\ErniPrismSample.Entities.csproj", "{36FFB57E-710A-4BAB-AED2-4D9A29C95F64}"
EndProject
Project("{9A19103F-16F7-4668-BE54-9A1E7A4F7556}") = "ErniPrismSample.Common.Mapper", "ErniPrismSample.Common.Mapper\ErniPrismSample.Common.Mapper.csproj", "{2F6FD5DC-3CE6-40AC-8E69-73190ECFB96D}"
EndProject
Project("{9A19103F-16F7-4668-BE54-9A1E7A4F7556}") = "ErniPrismSample.Contract", "ErniPrismSample.Contract\ErniPrismSample.Contract.csproj", "{29637879-34E5-4747-9BBA-0D620CEFB315}"
EndProject
Project("{2150E333-8FDC-42A3-9474-1A3956D46DE8}") = "Platform", "Platform", "{32E31E75-5055-4529-A273-D511645FCF62}"
EndProject
Project("{FAE04EC0-301F-11D3-BF4B-00C04F79EFBC}") = "ErniPrismSample.Android", "ErniPrismSample.Android\ErniPrismSample.Android.csproj", "{126A7DC1-AF07-4518-B5C3-39262FD845B6}"
EndProject
Project("{FAE04EC0-301F-11D3-BF4B-00C04F79EFBC}") = "ErniPrismSample.iOS", "ErniPrismSample.iOS\ErniPrismSample.iOS.csproj", "{D80A63B0-2572-4E34-BCEC-13BBFD0F13D3}"
EndProject
Project("{2150E333-8FDC-42A3-9474-1A3956D46DE8}") = "Data", "Data", "{AC6069C4-D169-47BE-A89B-111925AC2CB7}"
EndProject
Project("{9A19103F-16F7-4668-BE54-9A1E7A4F7556}") = "ErniPrismSample.Repository", "ErniPrismSample.Repository\ErniPrismSample.Repository.csproj", "{E6678A1F-DFCE-456A-BA14-45E5926043D4}"
EndProject
Project("{FAE04EC0-301F-11D3-BF4B-00C04F79EFBC}") = "ErniPrismSample.Repository.DataTransferObject", "ErniPrismSample.Repository.DataTransferObject\ErniPrismSample.Repository.DataTransferObject.csproj", "{5029BFC7-983A-49A2-A208-29960835C6E0}"
EndProject
Global
	GlobalSection(SolutionConfigurationPlatforms) = preSolution
		Ad-Hoc|Any CPU = Ad-Hoc|Any CPU
		Ad-Hoc|iPhone = Ad-Hoc|iPhone
		Ad-Hoc|iPhoneSimulator = Ad-Hoc|iPhoneSimulator
		AppStore|Any CPU = AppStore|Any CPU
		AppStore|iPhone = AppStore|iPhone
		AppStore|iPhoneSimulator = AppStore|iPhoneSimulator
		Debug|Any CPU = Debug|Any CPU
		Debug|iPhone = Debug|iPhone
		Debug|iPhoneSimulator = Debug|iPhoneSimulator
		Release|Any CPU = Release|Any CPU
		Release|iPhone = Release|iPhone
		Release|iPhoneSimulator = Release|iPhoneSimulator
	EndGlobalSection
	GlobalSection(ProjectConfigurationPlatforms) = postSolution
		{86B398E0-0866-4527-B222-1C41B1F6C81C}.Ad-Hoc|Any CPU.ActiveCfg = Debug|Any CPU
		{86B398E0-0866-4527-B222-1C41B1F6C81C}.Ad-Hoc|Any CPU.Build.0 = Debug|Any CPU
		{86B398E0-0866-4527-B222-1C41B1F6C81C}.Ad-Hoc|iPhone.ActiveCfg = Debug|Any CPU
		{86B398E0-0866-4527-B222-1C41B1F6C81C}.Ad-Hoc|iPhone.Build.0 = Debug|Any CPU
		{86B398E0-0866-4527-B222-1C41B1F6C81C}.Ad-Hoc|iPhoneSimulator.ActiveCfg = Debug|Any CPU
		{86B398E0-0866-4527-B222-1C41B1F6C81C}.Ad-Hoc|iPhoneSimulator.Build.0 = Debug|Any CPU
		{86B398E0-0866-4527-B222-1C41B1F6C81C}.AppStore|Any CPU.ActiveCfg = Debug|Any CPU
		{86B398E0-0866-4527-B222-1C41B1F6C81C}.AppStore|Any CPU.Build.0 = Debug|Any CPU
		{86B398E0-0866-4527-B222-1C41B1F6C81C}.AppStore|iPhone.ActiveCfg = Debug|Any CPU
		{86B398E0-0866-4527-B222-1C41B1F6C81C}.AppStore|iPhone.Build.0 = Debug|Any CPU
		{86B398E0-0866-4527-B222-1C41B1F6C81C}.AppStore|iPhoneSimulator.ActiveCfg = Debug|Any CPU
		{86B398E0-0866-4527-B222-1C41B1F6C81C}.AppStore|iPhoneSimulator.Build.0 = Debug|Any CPU
		{86B398E0-0866-4527-B222-1C41B1F6C81C}.Debug|Any CPU.ActiveCfg = Debug|Any CPU
		{86B398E0-0866-4527-B222-1C41B1F6C81C}.Debug|Any CPU.Build.0 = Debug|Any CPU
		{86B398E0-0866-4527-B222-1C41B1F6C81C}.Debug|iPhone.ActiveCfg = Debug|Any CPU
		{86B398E0-0866-4527-B222-1C41B1F6C81C}.Debug|iPhone.Build.0 = Debug|Any CPU
		{86B398E0-0866-4527-B222-1C41B1F6C81C}.Debug|iPhoneSimulator.ActiveCfg = Debug|Any CPU
		{86B398E0-0866-4527-B222-1C41B1F6C81C}.Debug|iPhoneSimulator.Build.0 = Debug|Any CPU
		{86B398E0-0866-4527-B222-1C41B1F6C81C}.Release|Any CPU.ActiveCfg = Release|Any CPU
		{86B398E0-0866-4527-B222-1C41B1F6C81C}.Release|Any CPU.Build.0 = Release|Any CPU
		{86B398E0-0866-4527-B222-1C41B1F6C81C}.Release|iPhone.ActiveCfg = Release|Any CPU
		{86B398E0-0866-4527-B222-1C41B1F6C81C}.Release|iPhone.Build.0 = Release|Any CPU
		{86B398E0-0866-4527-B222-1C41B1F6C81C}.Release|iPhoneSimulator.ActiveCfg = Release|Any CPU
		{86B398E0-0866-4527-B222-1C41B1F6C81C}.Release|iPhoneSimulator.Build.0 = Release|Any CPU
		{F584378A-251D-4A23-93B3-54865D0E459D}.Ad-Hoc|Any CPU.ActiveCfg = Release|Any CPU
		{F584378A-251D-4A23-93B3-54865D0E459D}.Ad-Hoc|Any CPU.Build.0 = Release|Any CPU
		{F584378A-251D-4A23-93B3-54865D0E459D}.Ad-Hoc|iPhone.ActiveCfg = Release|Any CPU
		{F584378A-251D-4A23-93B3-54865D0E459D}.Ad-Hoc|iPhone.Build.0 = Release|Any CPU
		{F584378A-251D-4A23-93B3-54865D0E459D}.Ad-Hoc|iPhoneSimulator.ActiveCfg = Release|Any CPU
		{F584378A-251D-4A23-93B3-54865D0E459D}.Ad-Hoc|iPhoneSimulator.Build.0 = Release|Any CPU
		{F584378A-251D-4A23-93B3-54865D0E459D}.AppStore|Any CPU.ActiveCfg = Release|Any CPU
		{F584378A-251D-4A23-93B3-54865D0E459D}.AppStore|Any CPU.Build.0 = Release|Any CPU
		{F584378A-251D-4A23-93B3-54865D0E459D}.AppStore|iPhone.ActiveCfg = Release|Any CPU
		{F584378A-251D-4A23-93B3-54865D0E459D}.AppStore|iPhone.Build.0 = Release|Any CPU
		{F584378A-251D-4A23-93B3-54865D0E459D}.AppStore|iPhoneSimulator.ActiveCfg = Release|Any CPU
		{F584378A-251D-4A23-93B3-54865D0E459D}.AppStore|iPhoneSimulator.Build.0 = Release|Any CPU
		{F584378A-251D-4A23-93B3-54865D0E459D}.Debug|Any CPU.ActiveCfg = Debug|Any CPU
		{F584378A-251D-4A23-93B3-54865D0E459D}.Debug|Any CPU.Build.0 = Debug|Any CPU
		{F584378A-251D-4A23-93B3-54865D0E459D}.Debug|iPhone.ActiveCfg = Debug|Any CPU
		{F584378A-251D-4A23-93B3-54865D0E459D}.Debug|iPhone.Build.0 = Debug|Any CPU
		{F584378A-251D-4A23-93B3-54865D0E459D}.Debug|iPhoneSimulator.ActiveCfg = Debug|Any CPU
		{F584378A-251D-4A23-93B3-54865D0E459D}.Debug|iPhoneSimulator.Build.0 = Debug|Any CPU
		{F584378A-251D-4A23-93B3-54865D0E459D}.Release|Any CPU.ActiveCfg = Release|Any CPU
		{F584378A-251D-4A23-93B3-54865D0E459D}.Release|Any CPU.Build.0 = Release|Any CPU
		{F584378A-251D-4A23-93B3-54865D0E459D}.Release|iPhone.ActiveCfg = Release|Any CPU
		{F584378A-251D-4A23-93B3-54865D0E459D}.Release|iPhone.Build.0 = Release|Any CPU
		{F584378A-251D-4A23-93B3-54865D0E459D}.Release|iPhoneSimulator.ActiveCfg = Release|Any CPU
		{F584378A-251D-4A23-93B3-54865D0E459D}.Release|iPhoneSimulator.Build.0 = Release|Any CPU
		{7C95E410-114A-4D59-8D85-376582EA1251}.Ad-Hoc|Any CPU.ActiveCfg = Release|Any CPU
		{7C95E410-114A-4D59-8D85-376582EA1251}.Ad-Hoc|Any CPU.Build.0 = Release|Any CPU
		{7C95E410-114A-4D59-8D85-376582EA1251}.Ad-Hoc|iPhone.ActiveCfg = Release|Any CPU
		{7C95E410-114A-4D59-8D85-376582EA1251}.Ad-Hoc|iPhone.Build.0 = Release|Any CPU
		{7C95E410-114A-4D59-8D85-376582EA1251}.Ad-Hoc|iPhoneSimulator.ActiveCfg = Release|Any CPU
		{7C95E410-114A-4D59-8D85-376582EA1251}.Ad-Hoc|iPhoneSimulator.Build.0 = Release|Any CPU
		{7C95E410-114A-4D59-8D85-376582EA1251}.AppStore|Any CPU.ActiveCfg = Release|Any CPU
		{7C95E410-114A-4D59-8D85-376582EA1251}.AppStore|Any CPU.Build.0 = Release|Any CPU
		{7C95E410-114A-4D59-8D85-376582EA1251}.AppStore|iPhone.ActiveCfg = Release|Any CPU
		{7C95E410-114A-4D59-8D85-376582EA1251}.AppStore|iPhone.Build.0 = Release|Any CPU
		{7C95E410-114A-4D59-8D85-376582EA1251}.AppStore|iPhoneSimulator.ActiveCfg = Release|Any CPU
		{7C95E410-114A-4D59-8D85-376582EA1251}.AppStore|iPhoneSimulator.Build.0 = Release|Any CPU
		{7C95E410-114A-4D59-8D85-376582EA1251}.Debug|Any CPU.ActiveCfg = Debug|Any CPU
		{7C95E410-114A-4D59-8D85-376582EA1251}.Debug|Any CPU.Build.0 = Debug|Any CPU
		{7C95E410-114A-4D59-8D85-376582EA1251}.Debug|iPhone.ActiveCfg = Debug|Any CPU
		{7C95E410-114A-4D59-8D85-376582EA1251}.Debug|iPhone.Build.0 = Debug|Any CPU
		{7C95E410-114A-4D59-8D85-376582EA1251}.Debug|iPhoneSimulator.ActiveCfg = Debug|Any CPU
		{7C95E410-114A-4D59-8D85-376582EA1251}.Debug|iPhoneSimulator.Build.0 = Debug|Any CPU
		{7C95E410-114A-4D59-8D85-376582EA1251}.Release|Any CPU.ActiveCfg = Release|Any CPU
		{7C95E410-114A-4D59-8D85-376582EA1251}.Release|Any CPU.Build.0 = Release|Any CPU
		{7C95E410-114A-4D59-8D85-376582EA1251}.Release|iPhone.ActiveCfg = Release|Any CPU
		{7C95E410-114A-4D59-8D85-376582EA1251}.Release|iPhone.Build.0 = Release|Any CPU
		{7C95E410-114A-4D59-8D85-376582EA1251}.Release|iPhoneSimulator.ActiveCfg = Release|Any CPU
		{7C95E410-114A-4D59-8D85-376582EA1251}.Release|iPhoneSimulator.Build.0 = Release|Any CPU
		{9C2E6B64-F95E-4519-AEDF-31FB3C6827A5}.Ad-Hoc|Any CPU.ActiveCfg = Debug|Any CPU
		{9C2E6B64-F95E-4519-AEDF-31FB3C6827A5}.Ad-Hoc|Any CPU.Build.0 = Debug|Any CPU
		{9C2E6B64-F95E-4519-AEDF-31FB3C6827A5}.Ad-Hoc|iPhone.ActiveCfg = Debug|Any CPU
		{9C2E6B64-F95E-4519-AEDF-31FB3C6827A5}.Ad-Hoc|iPhone.Build.0 = Debug|Any CPU
		{9C2E6B64-F95E-4519-AEDF-31FB3C6827A5}.Ad-Hoc|iPhoneSimulator.ActiveCfg = Debug|Any CPU
		{9C2E6B64-F95E-4519-AEDF-31FB3C6827A5}.Ad-Hoc|iPhoneSimulator.Build.0 = Debug|Any CPU
		{9C2E6B64-F95E-4519-AEDF-31FB3C6827A5}.AppStore|Any CPU.ActiveCfg = Debug|Any CPU
		{9C2E6B64-F95E-4519-AEDF-31FB3C6827A5}.AppStore|Any CPU.Build.0 = Debug|Any CPU
		{9C2E6B64-F95E-4519-AEDF-31FB3C6827A5}.AppStore|iPhone.ActiveCfg = Debug|Any CPU
		{9C2E6B64-F95E-4519-AEDF-31FB3C6827A5}.AppStore|iPhone.Build.0 = Debug|Any CPU
		{9C2E6B64-F95E-4519-AEDF-31FB3C6827A5}.AppStore|iPhoneSimulator.ActiveCfg = Debug|Any CPU
		{9C2E6B64-F95E-4519-AEDF-31FB3C6827A5}.AppStore|iPhoneSimulator.Build.0 = Debug|Any CPU
		{9C2E6B64-F95E-4519-AEDF-31FB3C6827A5}.Debug|Any CPU.ActiveCfg = Debug|Any CPU
		{9C2E6B64-F95E-4519-AEDF-31FB3C6827A5}.Debug|Any CPU.Build.0 = Debug|Any CPU
		{9C2E6B64-F95E-4519-AEDF-31FB3C6827A5}.Debug|iPhone.ActiveCfg = Debug|Any CPU
		{9C2E6B64-F95E-4519-AEDF-31FB3C6827A5}.Debug|iPhone.Build.0 = Debug|Any CPU
		{9C2E6B64-F95E-4519-AEDF-31FB3C6827A5}.Debug|iPhoneSimulator.ActiveCfg = Debug|Any CPU
		{9C2E6B64-F95E-4519-AEDF-31FB3C6827A5}.Debug|iPhoneSimulator.Build.0 = Debug|Any CPU
		{9C2E6B64-F95E-4519-AEDF-31FB3C6827A5}.Release|Any CPU.ActiveCfg = Release|Any CPU
		{9C2E6B64-F95E-4519-AEDF-31FB3C6827A5}.Release|Any CPU.Build.0 = Release|Any CPU
		{9C2E6B64-F95E-4519-AEDF-31FB3C6827A5}.Release|iPhone.ActiveCfg = Release|Any CPU
		{9C2E6B64-F95E-4519-AEDF-31FB3C6827A5}.Release|iPhone.Build.0 = Release|Any CPU
		{9C2E6B64-F95E-4519-AEDF-31FB3C6827A5}.Release|iPhoneSimulator.ActiveCfg = Release|Any CPU
		{9C2E6B64-F95E-4519-AEDF-31FB3C6827A5}.Release|iPhoneSimulator.Build.0 = Release|Any CPU
		{455B6208-A9A6-46D3-A0E0-323EB13CB1B0}.Ad-Hoc|Any CPU.ActiveCfg = Debug|Any CPU
		{455B6208-A9A6-46D3-A0E0-323EB13CB1B0}.Ad-Hoc|Any CPU.Build.0 = Debug|Any CPU
		{455B6208-A9A6-46D3-A0E0-323EB13CB1B0}.Ad-Hoc|iPhone.ActiveCfg = Debug|Any CPU
		{455B6208-A9A6-46D3-A0E0-323EB13CB1B0}.Ad-Hoc|iPhone.Build.0 = Debug|Any CPU
		{455B6208-A9A6-46D3-A0E0-323EB13CB1B0}.Ad-Hoc|iPhoneSimulator.ActiveCfg = Debug|Any CPU
		{455B6208-A9A6-46D3-A0E0-323EB13CB1B0}.Ad-Hoc|iPhoneSimulator.Build.0 = Debug|Any CPU
		{455B6208-A9A6-46D3-A0E0-323EB13CB1B0}.AppStore|Any CPU.ActiveCfg = Debug|Any CPU
		{455B6208-A9A6-46D3-A0E0-323EB13CB1B0}.AppStore|Any CPU.Build.0 = Debug|Any CPU
		{455B6208-A9A6-46D3-A0E0-323EB13CB1B0}.AppStore|iPhone.ActiveCfg = Debug|Any CPU
		{455B6208-A9A6-46D3-A0E0-323EB13CB1B0}.AppStore|iPhone.Build.0 = Debug|Any CPU
		{455B6208-A9A6-46D3-A0E0-323EB13CB1B0}.AppStore|iPhoneSimulator.ActiveCfg = Debug|Any CPU
		{455B6208-A9A6-46D3-A0E0-323EB13CB1B0}.AppStore|iPhoneSimulator.Build.0 = Debug|Any CPU
		{455B6208-A9A6-46D3-A0E0-323EB13CB1B0}.Debug|Any CPU.ActiveCfg = Debug|Any CPU
		{455B6208-A9A6-46D3-A0E0-323EB13CB1B0}.Debug|Any CPU.Build.0 = Debug|Any CPU
		{455B6208-A9A6-46D3-A0E0-323EB13CB1B0}.Debug|iPhone.ActiveCfg = Debug|Any CPU
		{455B6208-A9A6-46D3-A0E0-323EB13CB1B0}.Debug|iPhone.Build.0 = Debug|Any CPU
		{455B6208-A9A6-46D3-A0E0-323EB13CB1B0}.Debug|iPhoneSimulator.ActiveCfg = Debug|Any CPU
		{455B6208-A9A6-46D3-A0E0-323EB13CB1B0}.Debug|iPhoneSimulator.Build.0 = Debug|Any CPU
		{455B6208-A9A6-46D3-A0E0-323EB13CB1B0}.Release|Any CPU.ActiveCfg = Release|Any CPU
		{455B6208-A9A6-46D3-A0E0-323EB13CB1B0}.Release|Any CPU.Build.0 = Release|Any CPU
		{455B6208-A9A6-46D3-A0E0-323EB13CB1B0}.Release|iPhone.ActiveCfg = Release|Any CPU
		{455B6208-A9A6-46D3-A0E0-323EB13CB1B0}.Release|iPhone.Build.0 = Release|Any CPU
		{455B6208-A9A6-46D3-A0E0-323EB13CB1B0}.Release|iPhoneSimulator.ActiveCfg = Release|Any CPU
		{455B6208-A9A6-46D3-A0E0-323EB13CB1B0}.Release|iPhoneSimulator.Build.0 = Release|Any CPU
		{00C9D1D7-67A8-40BD-8212-998AB724981D}.Ad-Hoc|Any CPU.ActiveCfg = Debug|Any CPU
		{00C9D1D7-67A8-40BD-8212-998AB724981D}.Ad-Hoc|Any CPU.Build.0 = Debug|Any CPU
		{00C9D1D7-67A8-40BD-8212-998AB724981D}.Ad-Hoc|iPhone.ActiveCfg = Debug|Any CPU
		{00C9D1D7-67A8-40BD-8212-998AB724981D}.Ad-Hoc|iPhone.Build.0 = Debug|Any CPU
		{00C9D1D7-67A8-40BD-8212-998AB724981D}.Ad-Hoc|iPhoneSimulator.ActiveCfg = Debug|Any CPU
		{00C9D1D7-67A8-40BD-8212-998AB724981D}.Ad-Hoc|iPhoneSimulator.Build.0 = Debug|Any CPU
		{00C9D1D7-67A8-40BD-8212-998AB724981D}.AppStore|Any CPU.ActiveCfg = Debug|Any CPU
		{00C9D1D7-67A8-40BD-8212-998AB724981D}.AppStore|Any CPU.Build.0 = Debug|Any CPU
		{00C9D1D7-67A8-40BD-8212-998AB724981D}.AppStore|iPhone.ActiveCfg = Debug|Any CPU
		{00C9D1D7-67A8-40BD-8212-998AB724981D}.AppStore|iPhone.Build.0 = Debug|Any CPU
		{00C9D1D7-67A8-40BD-8212-998AB724981D}.AppStore|iPhoneSimulator.ActiveCfg = Debug|Any CPU
		{00C9D1D7-67A8-40BD-8212-998AB724981D}.AppStore|iPhoneSimulator.Build.0 = Debug|Any CPU
		{00C9D1D7-67A8-40BD-8212-998AB724981D}.Debug|Any CPU.ActiveCfg = Debug|Any CPU
		{00C9D1D7-67A8-40BD-8212-998AB724981D}.Debug|Any CPU.Build.0 = Debug|Any CPU
		{00C9D1D7-67A8-40BD-8212-998AB724981D}.Debug|iPhone.ActiveCfg = Debug|Any CPU
		{00C9D1D7-67A8-40BD-8212-998AB724981D}.Debug|iPhone.Build.0 = Debug|Any CPU
		{00C9D1D7-67A8-40BD-8212-998AB724981D}.Debug|iPhoneSimulator.ActiveCfg = Debug|Any CPU
		{00C9D1D7-67A8-40BD-8212-998AB724981D}.Debug|iPhoneSimulator.Build.0 = Debug|Any CPU
		{00C9D1D7-67A8-40BD-8212-998AB724981D}.Release|Any CPU.ActiveCfg = Release|Any CPU
		{00C9D1D7-67A8-40BD-8212-998AB724981D}.Release|Any CPU.Build.0 = Release|Any CPU
		{00C9D1D7-67A8-40BD-8212-998AB724981D}.Release|iPhone.ActiveCfg = Release|Any CPU
		{00C9D1D7-67A8-40BD-8212-998AB724981D}.Release|iPhone.Build.0 = Release|Any CPU
		{00C9D1D7-67A8-40BD-8212-998AB724981D}.Release|iPhoneSimulator.ActiveCfg = Release|Any CPU
		{00C9D1D7-67A8-40BD-8212-998AB724981D}.Release|iPhoneSimulator.Build.0 = Release|Any CPU
		{36FFB57E-710A-4BAB-AED2-4D9A29C95F64}.Ad-Hoc|Any CPU.ActiveCfg = Debug|Any CPU
		{36FFB57E-710A-4BAB-AED2-4D9A29C95F64}.Ad-Hoc|Any CPU.Build.0 = Debug|Any CPU
		{36FFB57E-710A-4BAB-AED2-4D9A29C95F64}.Ad-Hoc|iPhone.ActiveCfg = Debug|Any CPU
		{36FFB57E-710A-4BAB-AED2-4D9A29C95F64}.Ad-Hoc|iPhone.Build.0 = Debug|Any CPU
		{36FFB57E-710A-4BAB-AED2-4D9A29C95F64}.Ad-Hoc|iPhoneSimulator.ActiveCfg = Debug|Any CPU
		{36FFB57E-710A-4BAB-AED2-4D9A29C95F64}.Ad-Hoc|iPhoneSimulator.Build.0 = Debug|Any CPU
		{36FFB57E-710A-4BAB-AED2-4D9A29C95F64}.AppStore|Any CPU.ActiveCfg = Debug|Any CPU
		{36FFB57E-710A-4BAB-AED2-4D9A29C95F64}.AppStore|Any CPU.Build.0 = Debug|Any CPU
		{36FFB57E-710A-4BAB-AED2-4D9A29C95F64}.AppStore|iPhone.ActiveCfg = Debug|Any CPU
		{36FFB57E-710A-4BAB-AED2-4D9A29C95F64}.AppStore|iPhone.Build.0 = Debug|Any CPU
		{36FFB57E-710A-4BAB-AED2-4D9A29C95F64}.AppStore|iPhoneSimulator.ActiveCfg = Debug|Any CPU
		{36FFB57E-710A-4BAB-AED2-4D9A29C95F64}.AppStore|iPhoneSimulator.Build.0 = Debug|Any CPU
		{36FFB57E-710A-4BAB-AED2-4D9A29C95F64}.Debug|Any CPU.ActiveCfg = Debug|Any CPU
		{36FFB57E-710A-4BAB-AED2-4D9A29C95F64}.Debug|Any CPU.Build.0 = Debug|Any CPU
		{36FFB57E-710A-4BAB-AED2-4D9A29C95F64}.Debug|iPhone.ActiveCfg = Debug|Any CPU
		{36FFB57E-710A-4BAB-AED2-4D9A29C95F64}.Debug|iPhone.Build.0 = Debug|Any CPU
		{36FFB57E-710A-4BAB-AED2-4D9A29C95F64}.Debug|iPhoneSimulator.ActiveCfg = Debug|Any CPU
		{36FFB57E-710A-4BAB-AED2-4D9A29C95F64}.Debug|iPhoneSimulator.Build.0 = Debug|Any CPU
		{36FFB57E-710A-4BAB-AED2-4D9A29C95F64}.Release|Any CPU.ActiveCfg = Release|Any CPU
		{36FFB57E-710A-4BAB-AED2-4D9A29C95F64}.Release|Any CPU.Build.0 = Release|Any CPU
		{36FFB57E-710A-4BAB-AED2-4D9A29C95F64}.Release|iPhone.ActiveCfg = Release|Any CPU
		{36FFB57E-710A-4BAB-AED2-4D9A29C95F64}.Release|iPhone.Build.0 = Release|Any CPU
		{36FFB57E-710A-4BAB-AED2-4D9A29C95F64}.Release|iPhoneSimulator.ActiveCfg = Release|Any CPU
		{36FFB57E-710A-4BAB-AED2-4D9A29C95F64}.Release|iPhoneSimulator.Build.0 = Release|Any CPU
		{2F6FD5DC-3CE6-40AC-8E69-73190ECFB96D}.Ad-Hoc|Any CPU.ActiveCfg = Debug|Any CPU
		{2F6FD5DC-3CE6-40AC-8E69-73190ECFB96D}.Ad-Hoc|Any CPU.Build.0 = Debug|Any CPU
		{2F6FD5DC-3CE6-40AC-8E69-73190ECFB96D}.Ad-Hoc|iPhone.ActiveCfg = Debug|Any CPU
		{2F6FD5DC-3CE6-40AC-8E69-73190ECFB96D}.Ad-Hoc|iPhone.Build.0 = Debug|Any CPU
		{2F6FD5DC-3CE6-40AC-8E69-73190ECFB96D}.Ad-Hoc|iPhoneSimulator.ActiveCfg = Debug|Any CPU
		{2F6FD5DC-3CE6-40AC-8E69-73190ECFB96D}.Ad-Hoc|iPhoneSimulator.Build.0 = Debug|Any CPU
		{2F6FD5DC-3CE6-40AC-8E69-73190ECFB96D}.AppStore|Any CPU.ActiveCfg = Debug|Any CPU
		{2F6FD5DC-3CE6-40AC-8E69-73190ECFB96D}.AppStore|Any CPU.Build.0 = Debug|Any CPU
		{2F6FD5DC-3CE6-40AC-8E69-73190ECFB96D}.AppStore|iPhone.ActiveCfg = Debug|Any CPU
		{2F6FD5DC-3CE6-40AC-8E69-73190ECFB96D}.AppStore|iPhone.Build.0 = Debug|Any CPU
		{2F6FD5DC-3CE6-40AC-8E69-73190ECFB96D}.AppStore|iPhoneSimulator.ActiveCfg = Debug|Any CPU
		{2F6FD5DC-3CE6-40AC-8E69-73190ECFB96D}.AppStore|iPhoneSimulator.Build.0 = Debug|Any CPU
		{2F6FD5DC-3CE6-40AC-8E69-73190ECFB96D}.Debug|Any CPU.ActiveCfg = Debug|Any CPU
		{2F6FD5DC-3CE6-40AC-8E69-73190ECFB96D}.Debug|Any CPU.Build.0 = Debug|Any CPU
		{2F6FD5DC-3CE6-40AC-8E69-73190ECFB96D}.Debug|iPhone.ActiveCfg = Debug|Any CPU
		{2F6FD5DC-3CE6-40AC-8E69-73190ECFB96D}.Debug|iPhone.Build.0 = Debug|Any CPU
		{2F6FD5DC-3CE6-40AC-8E69-73190ECFB96D}.Debug|iPhoneSimulator.ActiveCfg = Debug|Any CPU
		{2F6FD5DC-3CE6-40AC-8E69-73190ECFB96D}.Debug|iPhoneSimulator.Build.0 = Debug|Any CPU
		{2F6FD5DC-3CE6-40AC-8E69-73190ECFB96D}.Release|Any CPU.ActiveCfg = Release|Any CPU
		{2F6FD5DC-3CE6-40AC-8E69-73190ECFB96D}.Release|Any CPU.Build.0 = Release|Any CPU
		{2F6FD5DC-3CE6-40AC-8E69-73190ECFB96D}.Release|iPhone.ActiveCfg = Release|Any CPU
		{2F6FD5DC-3CE6-40AC-8E69-73190ECFB96D}.Release|iPhone.Build.0 = Release|Any CPU
		{2F6FD5DC-3CE6-40AC-8E69-73190ECFB96D}.Release|iPhoneSimulator.ActiveCfg = Release|Any CPU
		{2F6FD5DC-3CE6-40AC-8E69-73190ECFB96D}.Release|iPhoneSimulator.Build.0 = Release|Any CPU
		{29637879-34E5-4747-9BBA-0D620CEFB315}.Ad-Hoc|Any CPU.ActiveCfg = Debug|Any CPU
		{29637879-34E5-4747-9BBA-0D620CEFB315}.Ad-Hoc|Any CPU.Build.0 = Debug|Any CPU
		{29637879-34E5-4747-9BBA-0D620CEFB315}.Ad-Hoc|iPhone.ActiveCfg = Debug|Any CPU
		{29637879-34E5-4747-9BBA-0D620CEFB315}.Ad-Hoc|iPhone.Build.0 = Debug|Any CPU
		{29637879-34E5-4747-9BBA-0D620CEFB315}.Ad-Hoc|iPhoneSimulator.ActiveCfg = Debug|Any CPU
		{29637879-34E5-4747-9BBA-0D620CEFB315}.Ad-Hoc|iPhoneSimulator.Build.0 = Debug|Any CPU
		{29637879-34E5-4747-9BBA-0D620CEFB315}.AppStore|Any CPU.ActiveCfg = Debug|Any CPU
		{29637879-34E5-4747-9BBA-0D620CEFB315}.AppStore|Any CPU.Build.0 = Debug|Any CPU
		{29637879-34E5-4747-9BBA-0D620CEFB315}.AppStore|iPhone.ActiveCfg = Debug|Any CPU
		{29637879-34E5-4747-9BBA-0D620CEFB315}.AppStore|iPhone.Build.0 = Debug|Any CPU
		{29637879-34E5-4747-9BBA-0D620CEFB315}.AppStore|iPhoneSimulator.ActiveCfg = Debug|Any CPU
		{29637879-34E5-4747-9BBA-0D620CEFB315}.AppStore|iPhoneSimulator.Build.0 = Debug|Any CPU
		{29637879-34E5-4747-9BBA-0D620CEFB315}.Debug|Any CPU.ActiveCfg = Debug|Any CPU
		{29637879-34E5-4747-9BBA-0D620CEFB315}.Debug|Any CPU.Build.0 = Debug|Any CPU
		{29637879-34E5-4747-9BBA-0D620CEFB315}.Debug|iPhone.ActiveCfg = Debug|Any CPU
		{29637879-34E5-4747-9BBA-0D620CEFB315}.Debug|iPhone.Build.0 = Debug|Any CPU
		{29637879-34E5-4747-9BBA-0D620CEFB315}.Debug|iPhoneSimulator.ActiveCfg = Debug|Any CPU
		{29637879-34E5-4747-9BBA-0D620CEFB315}.Debug|iPhoneSimulator.Build.0 = Debug|Any CPU
		{29637879-34E5-4747-9BBA-0D620CEFB315}.Release|Any CPU.ActiveCfg = Release|Any CPU
		{29637879-34E5-4747-9BBA-0D620CEFB315}.Release|Any CPU.Build.0 = Release|Any CPU
		{29637879-34E5-4747-9BBA-0D620CEFB315}.Release|iPhone.ActiveCfg = Release|Any CPU
		{29637879-34E5-4747-9BBA-0D620CEFB315}.Release|iPhone.Build.0 = Release|Any CPU
		{29637879-34E5-4747-9BBA-0D620CEFB315}.Release|iPhoneSimulator.ActiveCfg = Release|Any CPU
		{29637879-34E5-4747-9BBA-0D620CEFB315}.Release|iPhoneSimulator.Build.0 = Release|Any CPU
		{126A7DC1-AF07-4518-B5C3-39262FD845B6}.Ad-Hoc|Any CPU.ActiveCfg = Release|Any CPU
		{126A7DC1-AF07-4518-B5C3-39262FD845B6}.Ad-Hoc|Any CPU.Build.0 = Release|Any CPU
		{126A7DC1-AF07-4518-B5C3-39262FD845B6}.Ad-Hoc|Any CPU.Deploy.0 = Release|Any CPU
		{126A7DC1-AF07-4518-B5C3-39262FD845B6}.Ad-Hoc|iPhone.ActiveCfg = Release|Any CPU
		{126A7DC1-AF07-4518-B5C3-39262FD845B6}.Ad-Hoc|iPhone.Build.0 = Release|Any CPU
		{126A7DC1-AF07-4518-B5C3-39262FD845B6}.Ad-Hoc|iPhone.Deploy.0 = Release|Any CPU
		{126A7DC1-AF07-4518-B5C3-39262FD845B6}.Ad-Hoc|iPhoneSimulator.ActiveCfg = Release|Any CPU
		{126A7DC1-AF07-4518-B5C3-39262FD845B6}.Ad-Hoc|iPhoneSimulator.Build.0 = Release|Any CPU
		{126A7DC1-AF07-4518-B5C3-39262FD845B6}.Ad-Hoc|iPhoneSimulator.Deploy.0 = Release|Any CPU
		{126A7DC1-AF07-4518-B5C3-39262FD845B6}.AppStore|Any CPU.ActiveCfg = Release|Any CPU
		{126A7DC1-AF07-4518-B5C3-39262FD845B6}.AppStore|Any CPU.Build.0 = Release|Any CPU
		{126A7DC1-AF07-4518-B5C3-39262FD845B6}.AppStore|Any CPU.Deploy.0 = Release|Any CPU
		{126A7DC1-AF07-4518-B5C3-39262FD845B6}.AppStore|iPhone.ActiveCfg = Release|Any CPU
		{126A7DC1-AF07-4518-B5C3-39262FD845B6}.AppStore|iPhone.Build.0 = Release|Any CPU
		{126A7DC1-AF07-4518-B5C3-39262FD845B6}.AppStore|iPhone.Deploy.0 = Release|Any CPU
		{126A7DC1-AF07-4518-B5C3-39262FD845B6}.AppStore|iPhoneSimulator.ActiveCfg = Release|Any CPU
		{126A7DC1-AF07-4518-B5C3-39262FD845B6}.AppStore|iPhoneSimulator.Build.0 = Release|Any CPU
		{126A7DC1-AF07-4518-B5C3-39262FD845B6}.AppStore|iPhoneSimulator.Deploy.0 = Release|Any CPU
		{126A7DC1-AF07-4518-B5C3-39262FD845B6}.Debug|Any CPU.ActiveCfg = Debug|Any CPU
		{126A7DC1-AF07-4518-B5C3-39262FD845B6}.Debug|Any CPU.Build.0 = Debug|Any CPU
		{126A7DC1-AF07-4518-B5C3-39262FD845B6}.Debug|Any CPU.Deploy.0 = Debug|Any CPU
		{126A7DC1-AF07-4518-B5C3-39262FD845B6}.Debug|iPhone.ActiveCfg = Debug|Any CPU
		{126A7DC1-AF07-4518-B5C3-39262FD845B6}.Debug|iPhone.Build.0 = Debug|Any CPU
		{126A7DC1-AF07-4518-B5C3-39262FD845B6}.Debug|iPhone.Deploy.0 = Debug|Any CPU
		{126A7DC1-AF07-4518-B5C3-39262FD845B6}.Debug|iPhoneSimulator.ActiveCfg = Debug|Any CPU
		{126A7DC1-AF07-4518-B5C3-39262FD845B6}.Debug|iPhoneSimulator.Build.0 = Debug|Any CPU
		{126A7DC1-AF07-4518-B5C3-39262FD845B6}.Debug|iPhoneSimulator.Deploy.0 = Debug|Any CPU
		{126A7DC1-AF07-4518-B5C3-39262FD845B6}.Release|Any CPU.ActiveCfg = Release|Any CPU
		{126A7DC1-AF07-4518-B5C3-39262FD845B6}.Release|Any CPU.Build.0 = Release|Any CPU
		{126A7DC1-AF07-4518-B5C3-39262FD845B6}.Release|Any CPU.Deploy.0 = Release|Any CPU
		{126A7DC1-AF07-4518-B5C3-39262FD845B6}.Release|iPhone.ActiveCfg = Release|Any CPU
		{126A7DC1-AF07-4518-B5C3-39262FD845B6}.Release|iPhone.Build.0 = Release|Any CPU
		{126A7DC1-AF07-4518-B5C3-39262FD845B6}.Release|iPhone.Deploy.0 = Release|Any CPU
		{126A7DC1-AF07-4518-B5C3-39262FD845B6}.Release|iPhoneSimulator.ActiveCfg = Release|Any CPU
		{126A7DC1-AF07-4518-B5C3-39262FD845B6}.Release|iPhoneSimulator.Build.0 = Release|Any CPU
		{126A7DC1-AF07-4518-B5C3-39262FD845B6}.Release|iPhoneSimulator.Deploy.0 = Release|Any CPU
		{D80A63B0-2572-4E34-BCEC-13BBFD0F13D3}.Ad-Hoc|Any CPU.ActiveCfg = Ad-Hoc|iPhone
		{D80A63B0-2572-4E34-BCEC-13BBFD0F13D3}.Ad-Hoc|iPhone.ActiveCfg = Ad-Hoc|iPhone
		{D80A63B0-2572-4E34-BCEC-13BBFD0F13D3}.Ad-Hoc|iPhone.Build.0 = Ad-Hoc|iPhone
		{D80A63B0-2572-4E34-BCEC-13BBFD0F13D3}.Ad-Hoc|iPhoneSimulator.ActiveCfg = Ad-Hoc|iPhoneSimulator
		{D80A63B0-2572-4E34-BCEC-13BBFD0F13D3}.Ad-Hoc|iPhoneSimulator.Build.0 = Ad-Hoc|iPhoneSimulator
		{D80A63B0-2572-4E34-BCEC-13BBFD0F13D3}.AppStore|Any CPU.ActiveCfg = AppStore|iPhone
		{D80A63B0-2572-4E34-BCEC-13BBFD0F13D3}.AppStore|iPhone.ActiveCfg = AppStore|iPhone
		{D80A63B0-2572-4E34-BCEC-13BBFD0F13D3}.AppStore|iPhone.Build.0 = AppStore|iPhone
		{D80A63B0-2572-4E34-BCEC-13BBFD0F13D3}.AppStore|iPhoneSimulator.ActiveCfg = AppStore|iPhoneSimulator
		{D80A63B0-2572-4E34-BCEC-13BBFD0F13D3}.AppStore|iPhoneSimulator.Build.0 = AppStore|iPhoneSimulator
		{D80A63B0-2572-4E34-BCEC-13BBFD0F13D3}.Debug|Any CPU.ActiveCfg = Debug|iPhone
		{D80A63B0-2572-4E34-BCEC-13BBFD0F13D3}.Debug|iPhone.ActiveCfg = Debug|iPhone
		{D80A63B0-2572-4E34-BCEC-13BBFD0F13D3}.Debug|iPhone.Build.0 = Debug|iPhone
		{D80A63B0-2572-4E34-BCEC-13BBFD0F13D3}.Debug|iPhoneSimulator.ActiveCfg = Debug|iPhoneSimulator
		{D80A63B0-2572-4E34-BCEC-13BBFD0F13D3}.Debug|iPhoneSimulator.Build.0 = Debug|iPhoneSimulator
		{D80A63B0-2572-4E34-BCEC-13BBFD0F13D3}.Release|Any CPU.ActiveCfg = Release|iPhone
		{D80A63B0-2572-4E34-BCEC-13BBFD0F13D3}.Release|iPhone.ActiveCfg = Release|iPhone
		{D80A63B0-2572-4E34-BCEC-13BBFD0F13D3}.Release|iPhone.Build.0 = Release|iPhone
		{D80A63B0-2572-4E34-BCEC-13BBFD0F13D3}.Release|iPhoneSimulator.ActiveCfg = Release|iPhoneSimulator
		{D80A63B0-2572-4E34-BCEC-13BBFD0F13D3}.Release|iPhoneSimulator.Build.0 = Release|iPhoneSimulator
		{E6678A1F-DFCE-456A-BA14-45E5926043D4}.Ad-Hoc|Any CPU.ActiveCfg = Debug|Any CPU
		{E6678A1F-DFCE-456A-BA14-45E5926043D4}.Ad-Hoc|Any CPU.Build.0 = Debug|Any CPU
		{E6678A1F-DFCE-456A-BA14-45E5926043D4}.Ad-Hoc|iPhone.ActiveCfg = Debug|Any CPU
		{E6678A1F-DFCE-456A-BA14-45E5926043D4}.Ad-Hoc|iPhone.Build.0 = Debug|Any CPU
		{E6678A1F-DFCE-456A-BA14-45E5926043D4}.Ad-Hoc|iPhoneSimulator.ActiveCfg = Debug|Any CPU
		{E6678A1F-DFCE-456A-BA14-45E5926043D4}.Ad-Hoc|iPhoneSimulator.Build.0 = Debug|Any CPU
		{E6678A1F-DFCE-456A-BA14-45E5926043D4}.AppStore|Any CPU.ActiveCfg = Debug|Any CPU
		{E6678A1F-DFCE-456A-BA14-45E5926043D4}.AppStore|Any CPU.Build.0 = Debug|Any CPU
		{E6678A1F-DFCE-456A-BA14-45E5926043D4}.AppStore|iPhone.ActiveCfg = Debug|Any CPU
		{E6678A1F-DFCE-456A-BA14-45E5926043D4}.AppStore|iPhone.Build.0 = Debug|Any CPU
		{E6678A1F-DFCE-456A-BA14-45E5926043D4}.AppStore|iPhoneSimulator.ActiveCfg = Debug|Any CPU
		{E6678A1F-DFCE-456A-BA14-45E5926043D4}.AppStore|iPhoneSimulator.Build.0 = Debug|Any CPU
		{E6678A1F-DFCE-456A-BA14-45E5926043D4}.Debug|Any CPU.ActiveCfg = Debug|Any CPU
		{E6678A1F-DFCE-456A-BA14-45E5926043D4}.Debug|Any CPU.Build.0 = Debug|Any CPU
		{E6678A1F-DFCE-456A-BA14-45E5926043D4}.Debug|iPhone.ActiveCfg = Debug|Any CPU
		{E6678A1F-DFCE-456A-BA14-45E5926043D4}.Debug|iPhone.Build.0 = Debug|Any CPU
		{E6678A1F-DFCE-456A-BA14-45E5926043D4}.Debug|iPhoneSimulator.ActiveCfg = Debug|Any CPU
		{E6678A1F-DFCE-456A-BA14-45E5926043D4}.Debug|iPhoneSimulator.Build.0 = Debug|Any CPU
		{E6678A1F-DFCE-456A-BA14-45E5926043D4}.Release|Any CPU.ActiveCfg = Release|Any CPU
		{E6678A1F-DFCE-456A-BA14-45E5926043D4}.Release|Any CPU.Build.0 = Release|Any CPU
		{E6678A1F-DFCE-456A-BA14-45E5926043D4}.Release|iPhone.ActiveCfg = Release|Any CPU
		{E6678A1F-DFCE-456A-BA14-45E5926043D4}.Release|iPhone.Build.0 = Release|Any CPU
		{E6678A1F-DFCE-456A-BA14-45E5926043D4}.Release|iPhoneSimulator.ActiveCfg = Release|Any CPU
		{E6678A1F-DFCE-456A-BA14-45E5926043D4}.Release|iPhoneSimulator.Build.0 = Release|Any CPU
		{5029BFC7-983A-49A2-A208-29960835C6E0}.Ad-Hoc|Any CPU.ActiveCfg = Debug|Any CPU
		{5029BFC7-983A-49A2-A208-29960835C6E0}.Ad-Hoc|Any CPU.Build.0 = Debug|Any CPU
		{5029BFC7-983A-49A2-A208-29960835C6E0}.Ad-Hoc|iPhone.ActiveCfg = Debug|Any CPU
		{5029BFC7-983A-49A2-A208-29960835C6E0}.Ad-Hoc|iPhone.Build.0 = Debug|Any CPU
		{5029BFC7-983A-49A2-A208-29960835C6E0}.Ad-Hoc|iPhoneSimulator.ActiveCfg = Debug|Any CPU
		{5029BFC7-983A-49A2-A208-29960835C6E0}.Ad-Hoc|iPhoneSimulator.Build.0 = Debug|Any CPU
		{5029BFC7-983A-49A2-A208-29960835C6E0}.AppStore|Any CPU.ActiveCfg = Debug|Any CPU
		{5029BFC7-983A-49A2-A208-29960835C6E0}.AppStore|Any CPU.Build.0 = Debug|Any CPU
		{5029BFC7-983A-49A2-A208-29960835C6E0}.AppStore|iPhone.ActiveCfg = Debug|Any CPU
		{5029BFC7-983A-49A2-A208-29960835C6E0}.AppStore|iPhone.Build.0 = Debug|Any CPU
		{5029BFC7-983A-49A2-A208-29960835C6E0}.AppStore|iPhoneSimulator.ActiveCfg = Debug|Any CPU
		{5029BFC7-983A-49A2-A208-29960835C6E0}.AppStore|iPhoneSimulator.Build.0 = Debug|Any CPU
		{5029BFC7-983A-49A2-A208-29960835C6E0}.Debug|Any CPU.ActiveCfg = Debug|Any CPU
		{5029BFC7-983A-49A2-A208-29960835C6E0}.Debug|Any CPU.Build.0 = Debug|Any CPU
		{5029BFC7-983A-49A2-A208-29960835C6E0}.Debug|iPhone.ActiveCfg = Debug|Any CPU
		{5029BFC7-983A-49A2-A208-29960835C6E0}.Debug|iPhone.Build.0 = Debug|Any CPU
		{5029BFC7-983A-49A2-A208-29960835C6E0}.Debug|iPhoneSimulator.ActiveCfg = Debug|Any CPU
		{5029BFC7-983A-49A2-A208-29960835C6E0}.Debug|iPhoneSimulator.Build.0 = Debug|Any CPU
		{5029BFC7-983A-49A2-A208-29960835C6E0}.Release|Any CPU.ActiveCfg = Release|Any CPU
		{5029BFC7-983A-49A2-A208-29960835C6E0}.Release|Any CPU.Build.0 = Release|Any CPU
		{5029BFC7-983A-49A2-A208-29960835C6E0}.Release|iPhone.ActiveCfg = Release|Any CPU
		{5029BFC7-983A-49A2-A208-29960835C6E0}.Release|iPhone.Build.0 = Release|Any CPU
		{5029BFC7-983A-49A2-A208-29960835C6E0}.Release|iPhoneSimulator.ActiveCfg = Release|Any CPU
		{5029BFC7-983A-49A2-A208-29960835C6E0}.Release|iPhoneSimulator.Build.0 = Release|Any CPU
	EndGlobalSection
	GlobalSection(SolutionProperties) = preSolution
		HideSolutionNode = FALSE
	EndGlobalSection
	GlobalSection(NestedProjects) = preSolution
		{86B398E0-0866-4527-B222-1C41B1F6C81C} = {B6BAE8FD-028C-4854-B493-8C5EFB9C7B3C}
		{F584378A-251D-4A23-93B3-54865D0E459D} = {3972706A-27C8-4A8D-A8F4-2A594489DE70}
		{7C95E410-114A-4D59-8D85-376582EA1251} = {3972706A-27C8-4A8D-A8F4-2A594489DE70}
		{9C2E6B64-F95E-4519-AEDF-31FB3C6827A5} = {C08BAD5F-F3C2-4E83-976C-DC071F726DD3}
		{455B6208-A9A6-46D3-A0E0-323EB13CB1B0} = {85B0C54C-CD69-4E0B-86EB-674928E5F90E}
		{00C9D1D7-67A8-40BD-8212-998AB724981D} = {775A3120-C3C7-44ED-B437-76F4A185BB88}
		{36FFB57E-710A-4BAB-AED2-4D9A29C95F64} = {85B0C54C-CD69-4E0B-86EB-674928E5F90E}
		{2F6FD5DC-3CE6-40AC-8E69-73190ECFB96D} = {775A3120-C3C7-44ED-B437-76F4A185BB88}
		{29637879-34E5-4747-9BBA-0D620CEFB315} = {C08BAD5F-F3C2-4E83-976C-DC071F726DD3}
		{126A7DC1-AF07-4518-B5C3-39262FD845B6} = {32E31E75-5055-4529-A273-D511645FCF62}
		{D80A63B0-2572-4E34-BCEC-13BBFD0F13D3} = {32E31E75-5055-4529-A273-D511645FCF62}
		{E6678A1F-DFCE-456A-BA14-45E5926043D4} = {AC6069C4-D169-47BE-A89B-111925AC2CB7}
		{5029BFC7-983A-49A2-A208-29960835C6E0} = {AC6069C4-D169-47BE-A89B-111925AC2CB7}
	EndGlobalSection
	GlobalSection(ExtensibilityGlobals) = postSolution
		SolutionGuid = {9C54E7C0-D99E-4C50-8729-669AE1F98BCE}
	EndGlobalSection
EndGlobal
